
Microsoft Visual Studio Solution File, Format Version 12.00
# Visual Studio 2012
Project("{8BC9CEB8-8B4A-11D0-8D11-00A0C91BC942}") = "netdisk", "netdisk\netdisk.vcxproj", "{37365739-4F5D-4920-89CC-780561866FD2}"
EndProject
Project("{8BC9CEB8-8B4A-11D0-8D11-00A0C91BC942}") = "tech_mag", "..\tech_mag\tech_mag\tech_mag.vcxproj", "{D62DD3FE-4F4E-42D2-AC85-94500BBE46C9}"
EndProject
Project("{8BC9CEB8-8B4A-11D0-8D11-00A0C91BC942}") = "muban", "..\muban\muban\muban.vcxproj", "{A3B305E7-F4FF-467A-BB66-1334DE4F9903}"
EndProject
Global
	GlobalSection(SolutionConfigurationPlatforms) = preSolution
		Debug|Win32 = Debug|Win32
		Release|Win32 = Release|Win32
	EndGlobalSection
	GlobalSection(ProjectConfigurationPlatforms) = postSolution
		{37365739-4F5D-4920-89CC-780561866FD2}.Debug|Win32.ActiveCfg = Debug|Win32
		{37365739-4F5D-4920-89CC-780561866FD2}.Debug|Win32.Build.0 = Debug|Win32
		{37365739-4F5D-4920-89CC-780561866FD2}.Release|Win32.ActiveCfg = Release|Win32
		{37365739-4F5D-4920-89CC-780561866FD2}.Release|Win32.Build.0 = Release|Win32
		{D62DD3FE-4F4E-42D2-AC85-94500BBE46C9}.Debug|Win32.ActiveCfg = Debug|Win32
		{D62DD3FE-4F4E-42D2-AC85-94500BBE46C9}.Debug|Win32.Build.0 = Debug|Win32
		{D62DD3FE-4F4E-42D2-AC85-94500BBE46C9}.Release|Win32.ActiveCfg = Release|Win32
		{D62DD3FE-4F4E-42D2-AC85-94500BBE46C9}.Release|Win32.Build.0 = Release|Win32
		{A3B305E7-F4FF-467A-BB66-1334DE4F9903}.Debug|Win32.ActiveCfg = Debug|Win32
		{A3B305E7-F4FF-467A-BB66-1334DE4F9903}.Debug|Win32.Build.0 = Debug|Win32
		{A3B305E7-F4FF-467A-BB66-1334DE4F9903}.Release|Win32.ActiveCfg = Release|Win32
		{A3B305E7-F4FF-467A-BB66-1334DE4F9903}.Release|Win32.Build.0 = Release|Win32
	EndGlobalSection
	GlobalSection(SolutionProperties) = preSolution
		HideSolutionNode = FALSE
	EndGlobalSection
EndGlobal
